
Microsoft Visual Studio Solution File, Format Version 12.00
# Visual Studio Version 17
VisualStudioVersion = 17.14.36930.0
MinimumVisualStudioVersion = 10.0.40219.1
Project("{2150E333-8FDC-42A3-9474-1A3956D46DE8}") = "src", "src", "{36D591C7-65C7-A0D1-1CBC-10CDE441BDC8}"
EndProject
Project("{2150E333-8FDC-42A3-9474-1A3956D46DE8}") = "test", "test", "{0D5B5241-8DB8-44B6-BF03-46E5E21BC68C}"
EndProject
Project("{2150E333-8FDC-42A3-9474-1A3956D46DE8}") = "Solution Items", "Solution Items", "{35E756EA-2784-4975-B040-36B8794BF5EB}"
EndProject
Project("{E53339B2-1760-4266-BCC7-CA923CBCF16C}") = "docker-compose", "docker-compose.dcproj", "{81DDED9D-158B-E303-5F62-77A2896D2A5A}"
EndProject
Project("{FAE04EC0-301F-11D3-BF4B-00C04F79EFBC}") = "Bookify.Api", "src\Bookify.Api\Bookify.Api.csproj", "{1D868796-0A39-146F-B455-B184A3A563F9}"
EndProject
Project("{FAE04EC0-301F-11D3-BF4B-00C04F79EFBC}") = "Bookify.Application", "src\Bookify.Application\Bookify.Application.csproj", "{C6BD9A94-B84C-ADB6-B02C-4C6D0DE1ECE6}"
EndProject
Project("{FAE04EC0-301F-11D3-BF4B-00C04F79EFBC}") = "Bookify.Domain", "src\Bookify.Domain\Bookify.Domain.csproj", "{F262C2B5-8C88-0DFD-A77D-F382F915C58B}"
EndProject
Project("{FAE04EC0-301F-11D3-BF4B-00C04F79EFBC}") = "Bookify.Infrastructure", "src\Bookify.Infrastructure\Bookify.Infrastructure.csproj", "{B2174EC5-6B3A-DEE3-4311-ABE230221426}"
EndProject
Project("{FAE04EC0-301F-11D3-BF4B-00C04F79EFBC}") = "Bookify.Domain.UnitTests", "test\Bookify.Domain.UnitTests\Bookify.Domain.UnitTests.csproj", "{BE8AE972-3108-47A9-B3AF-C28F1EAEE99D}"
EndProject
Project("{FAE04EC0-301F-11D3-BF4B-00C04F79EFBC}") = "Bookify.Application.UnitTests", "test\Bookify.Application.UnitTests\Bookify.Application.UnitTests.csproj", "{3ECB8E64-9FA5-48AD-9BA9-26DEDE93A84B}"
EndProject
Project("{FAE04EC0-301F-11D3-BF4B-00C04F79EFBC}") = "Bookify.Application.IntegrationTests", "test\Bookify.Application.IntegrationTests\Bookify.Application.IntegrationTests.csproj", "{EB32BBF1-A195-4513-BCCA-AE076F5970CD}"
EndProject
Project("{FAE04EC0-301F-11D3-BF4B-00C04F79EFBC}") = "Bookify.Api.FunctionalTests", "test\Bookify.Api.FunctionalTests\Bookify.Api.FunctionalTests.csproj", "{A62E6AC7-BA52-4482-9F11-9FF879C64AEB}"
EndProject
Project("{FAE04EC0-301F-11D3-BF4B-00C04F79EFBC}") = "Bookify.ArchitectureTests", "test\Bookify.ArchitectureTests\Bookify.ArchitectureTests.csproj", "{1870E5C6-C4BB-49C7-B0AB-2F066939EB8A}"
EndProject
Global
	GlobalSection(SolutionConfigurationPlatforms) = preSolution
		Debug|Any CPU = Debug|Any CPU
		Release|Any CPU = Release|Any CPU
	EndGlobalSection
	GlobalSection(ProjectConfigurationPlatforms) = postSolution
		{81DDED9D-158B-E303-5F62-77A2896D2A5A}.Debug|Any CPU.ActiveCfg = Debug|Any CPU
		{81DDED9D-158B-E303-5F62-77A2896D2A5A}.Debug|Any CPU.Build.0 = Debug|Any CPU
		{81DDED9D-158B-E303-5F62-77A2896D2A5A}.Release|Any CPU.ActiveCfg = Release|Any CPU
		{81DDED9D-158B-E303-5F62-77A2896D2A5A}.Release|Any CPU.Build.0 = Release|Any CPU
		{1D868796-0A39-146F-B455-B184A3A563F9}.Debug|Any CPU.ActiveCfg = Debug|Any CPU
		{1D868796-0A39-146F-B455-B184A3A563F9}.Debug|Any CPU.Build.0 = Debug|Any CPU
		{1D868796-0A39-146F-B455-B184A3A563F9}.Release|Any CPU.ActiveCfg = Release|Any CPU
		{1D868796-0A39-146F-B455-B184A3A563F9}.Release|Any CPU.Build.0 = Release|Any CPU
		{C6BD9A94-B84C-ADB6-B02C-4C6D0DE1ECE6}.Debug|Any CPU.ActiveCfg = Debug|Any CPU
		{C6BD9A94-B84C-ADB6-B02C-4C6D0DE1ECE6}.Debug|Any CPU.Build.0 = Debug|Any CPU
		{C6BD9A94-B84C-ADB6-B02C-4C6D0DE1ECE6}.Release|Any CPU.ActiveCfg = Release|Any CPU
		{C6BD9A94-B84C-ADB6-B02C-4C6D0DE1ECE6}.Release|Any CPU.Build.0 = Release|Any CPU
		{F262C2B5-8C88-0DFD-A77D-F382F915C58B}.Debug|Any CPU.ActiveCfg = Debug|Any CPU
		{F262C2B5-8C88-0DFD-A77D-F382F915C58B}.Debug|Any CPU.Build.0 = Debug|Any CPU
		{F262C2B5-8C88-0DFD-A77D-F382F915C58B}.Release|Any CPU.ActiveCfg = Release|Any CPU
		{F262C2B5-8C88-0DFD-A77D-F382F915C58B}.Release|Any CPU.Build.0 = Release|Any CPU
		{B2174EC5-6B3A-DEE3-4311-ABE230221426}.Debug|Any CPU.ActiveCfg = Debug|Any CPU
		{B2174EC5-6B3A-DEE3-4311-ABE230221426}.Debug|Any CPU.Build.0 = Debug|Any CPU
		{B2174EC5-6B3A-DEE3-4311-ABE230221426}.Release|Any CPU.ActiveCfg = Release|Any CPU
		{B2174EC5-6B3A-DEE3-4311-ABE230221426}.Release|Any CPU.Build.0 = Release|Any CPU
		{BE8AE972-3108-47A9-B3AF-C28F1EAEE99D}.Debug|Any CPU.ActiveCfg = Debug|Any CPU
		{BE8AE972-3108-47A9-B3AF-C28F1EAEE99D}.Debug|Any CPU.Build.0 = Debug|Any CPU
		{BE8AE972-3108-47A9-B3AF-C28F1EAEE99D}.Release|Any CPU.ActiveCfg = Release|Any CPU
		{BE8AE972-3108-47A9-B3AF-C28F1EAEE99D}.Release|Any CPU.Build.0 = Release|Any CPU
		{3ECB8E64-9FA5-48AD-9BA9-26DEDE93A84B}.Debug|Any CPU.ActiveCfg = Debug|Any CPU
		{3ECB8E64-9FA5-48AD-9BA9-26DEDE93A84B}.Debug|Any CPU.Build.0 = Debug|Any CPU
		{3ECB8E64-9FA5-48AD-9BA9-26DEDE93A84B}.Release|Any CPU.ActiveCfg = Release|Any CPU
		{3ECB8E64-9FA5-48AD-9BA9-26DEDE93A84B}.Release|Any CPU.Build.0 = Release|Any CPU
		{EB32BBF1-A195-4513-BCCA-AE076F5970CD}.Debug|Any CPU.ActiveCfg = Debug|Any CPU
		{EB32BBF1-A195-4513-BCCA-AE076F5970CD}.Debug|Any CPU.Build.0 = Debug|Any CPU
		{EB32BBF1-A195-4513-BCCA-AE076F5970CD}.Release|Any CPU.ActiveCfg = Release|Any CPU
		{EB32BBF1-A195-4513-BCCA-AE076F5970CD}.Release|Any CPU.Build.0 = Release|Any CPU
		{A62E6AC7-BA52-4482-9F11-9FF879C64AEB}.Debug|Any CPU.ActiveCfg = Debug|Any CPU
		{A62E6AC7-BA52-4482-9F11-9FF879C64AEB}.Debug|Any CPU.Build.0 = Debug|Any CPU
		{A62E6AC7-BA52-4482-9F11-9FF879C64AEB}.Release|Any CPU.ActiveCfg = Release|Any CPU
		{A62E6AC7-BA52-4482-9F11-9FF879C64AEB}.Release|Any CPU.Build.0 = Release|Any CPU
		{1870E5C6-C4BB-49C7-B0AB-2F066939EB8A}.Debug|Any CPU.ActiveCfg = Debug|Any CPU
		{1870E5C6-C4BB-49C7-B0AB-2F066939EB8A}.Debug|Any CPU.Build.0 = Debug|Any CPU
		{1870E5C6-C4BB-49C7-B0AB-2F066939EB8A}.Release|Any CPU.ActiveCfg = Release|Any CPU
		{1870E5C6-C4BB-49C7-B0AB-2F066939EB8A}.Release|Any CPU.Build.0 = Release|Any CPU
	EndGlobalSection
	GlobalSection(SolutionProperties) = preSolution
		HideSolutionNode = FALSE
	EndGlobalSection
	GlobalSection(NestedProjects) = preSolution
		{1D868796-0A39-146F-B455-B184A3A563F9} = {36D591C7-65C7-A0D1-1CBC-10CDE441BDC8}
		{C6BD9A94-B84C-ADB6-B02C-4C6D0DE1ECE6} = {36D591C7-65C7-A0D1-1CBC-10CDE441BDC8}
		{F262C2B5-8C88-0DFD-A77D-F382F915C58B} = {36D591C7-65C7-A0D1-1CBC-10CDE441BDC8}
		{B2174EC5-6B3A-DEE3-4311-ABE230221426} = {36D591C7-65C7-A0D1-1CBC-10CDE441BDC8}
		{BE8AE972-3108-47A9-B3AF-C28F1EAEE99D} = {0D5B5241-8DB8-44B6-BF03-46E5E21BC68C}
		{3ECB8E64-9FA5-48AD-9BA9-26DEDE93A84B} = {0D5B5241-8DB8-44B6-BF03-46E5E21BC68C}
		{EB32BBF1-A195-4513-BCCA-AE076F5970CD} = {0D5B5241-8DB8-44B6-BF03-46E5E21BC68C}
		{A62E6AC7-BA52-4482-9F11-9FF879C64AEB} = {0D5B5241-8DB8-44B6-BF03-46E5E21BC68C}
		{1870E5C6-C4BB-49C7-B0AB-2F066939EB8A} = {0D5B5241-8DB8-44B6-BF03-46E5E21BC68C}
	EndGlobalSection
	GlobalSection(ExtensibilityGlobals) = postSolution
		SolutionGuid = {95BF61AF-5A30-46EF-8E59-3280497CA780}
	EndGlobalSection
EndGlobal
