
Microsoft Visual Studio Solution File, Format Version 12.00
# Visual Studio Version 17
VisualStudioVersion = 17.14.36930.0
MinimumVisualStudioVersion = 10.0.40219.1
Project("{2150E333-8FDC-42A3-9474-1A3956D46DE8}") = "src", "src", "{36D591C7-65C7-A0D1-1CBC-10CDE441BDC8}"
EndProject
Project("{2150E333-8FDC-42A3-9474-1A3956D46DE8}") = "test", "test", "{0D5B5241-8DB8-44B6-BF03-46E5E21BC68C}"
EndProject
Project("{FAE04EC0-301F-11D3-BF4B-00C04F79EFBC}") = "Bookify.Domain", "Bookify.Domain\Bookify.Domain.csproj", "{AAB13FC6-0F63-4579-9C4B-23F5C27989FA}"
EndProject
Global
	GlobalSection(SolutionConfigurationPlatforms) = preSolution
		Debug|Any CPU = Debug|Any CPU
		Release|Any CPU = Release|Any CPU
	EndGlobalSection
	GlobalSection(ProjectConfigurationPlatforms) = postSolution
		{AAB13FC6-0F63-4579-9C4B-23F5C27989FA}.Debug|Any CPU.ActiveCfg = Debug|Any CPU
		{AAB13FC6-0F63-4579-9C4B-23F5C27989FA}.Debug|Any CPU.Build.0 = Debug|Any CPU
		{AAB13FC6-0F63-4579-9C4B-23F5C27989FA}.Release|Any CPU.ActiveCfg = Release|Any CPU
		{AAB13FC6-0F63-4579-9C4B-23F5C27989FA}.Release|Any CPU.Build.0 = Release|Any CPU
	EndGlobalSection
	GlobalSection(SolutionProperties) = preSolution
		HideSolutionNode = FALSE
	EndGlobalSection
	GlobalSection(NestedProjects) = preSolution
		{AAB13FC6-0F63-4579-9C4B-23F5C27989FA} = {36D591C7-65C7-A0D1-1CBC-10CDE441BDC8}
	EndGlobalSection
	GlobalSection(ExtensibilityGlobals) = postSolution
		SolutionGuid = {95BF61AF-5A30-46EF-8E59-3280497CA780}
	EndGlobalSection
EndGlobal
